
Microsoft Visual Studio Solution File, Format Version 12.00
# Visual Studio 15
VisualStudioVersion = 15.0.28307.572
MinimumVisualStudioVersion = 10.0.40219.1
Project("{FAE04EC0-301F-11D3-BF4B-00C04F79EFBC}") = "Task9", "Task9\Task9.csproj", "{C1658911-9862-4CDC-9C7D-99072C96C462}"
EndProject
Global
	GlobalSection(SolutionConfigurationPlatforms) = preSolution
		Debug|Any CPU = Debug|Any CPU
		Release|Any CPU = Release|Any CPU
	EndGlobalSection
	GlobalSection(ProjectConfigurationPlatforms) = postSolution
		{C1658911-9862-4CDC-9C7D-99072C96C462}.Debug|Any CPU.ActiveCfg = Debug|Any CPU
		{C1658911-9862-4CDC-9C7D-99072C96C462}.Debug|Any CPU.Build.0 = Debug|Any CPU
		{C1658911-9862-4CDC-9C7D-99072C96C462}.Release|Any CPU.ActiveCfg = Release|Any CPU
		{C1658911-9862-4CDC-9C7D-99072C96C462}.Release|Any CPU.Build.0 = Release|Any CPU
	EndGlobalSection
	GlobalSection(SolutionProperties) = preSolution
		HideSolutionNode = FALSE
	EndGlobalSection
	GlobalSection(ExtensibilityGlobals) = postSolution
		SolutionGuid = {335CA7D2-4FB3-48A4-A652-487BD2F93B92}
	EndGlobalSection
EndGlobal
